{
  "name": "pyxe",
  "lockfileVersion": 3,
  "requires": true,
  "packages": {
    "": {
      "workspaces": [
        "packages/core",
        "packages/libraries/*",
        "packages/modules/*",
        "packages/pyxe",
        "packages/spaces/*",
        "packages/types",
        "packages/utils"
      ],
      "devDependencies": {
        "@types/node": "^25.5.0",
        "cross-env": "^10.1.0",
        "typescript": "^6.0.2"
      }
    },
    "node_modules/@epic-web/invariant": {
      "version": "1.0.0",
      "resolved": "https://registry.npmjs.org/@epic-web/invariant/-/invariant-1.0.0.tgz",
      "integrity": "sha512-lrTPqgvfFQtR/eY/qkIzp98OGdNJu0m5ji3q/nJI8v3SXkRKEnWiOxMmbvcSoAIzv/cGiuvRy57k4suKQSAdwA==",
      "dev": true,
      "license": "MIT"
    },
    "node_modules/@pyxe/core": {
      "resolved": "packages/core",
      "link": true
    },
    "node_modules/@pyxe/library-ral": {
      "resolved": "packages/libraries/ral",
      "link": true
    },
    "node_modules/@pyxe/space-cmy": {
      "resolved": "packages/spaces/cmy",
      "link": true
    },
    "node_modules/@pyxe/space-cmyk": {
      "resolved": "packages/spaces/cmyk",
      "link": true
    },
    "node_modules/@pyxe/space-hcg": {
      "resolved": "packages/spaces/hcg",
      "link": true
    },
    "node_modules/@pyxe/space-hsi": {
      "resolved": "packages/spaces/hsi",
      "link": true
    },
    "node_modules/@pyxe/space-hsl": {
      "resolved": "packages/spaces/hsl",
      "link": true
    },
    "node_modules/@pyxe/space-hsv": {
      "resolved": "packages/spaces/hsv",
      "link": true
    },
    "node_modules/@pyxe/space-hwb": {
      "resolved": "packages/spaces/hwb",
      "link": true
    },
    "node_modules/@pyxe/space-lab": {
      "resolved": "packages/spaces/lab",
      "link": true
    },
    "node_modules/@pyxe/space-lrgb": {
      "resolved": "packages/spaces/lrgb",
      "link": true
    },
    "node_modules/@pyxe/space-rec2020": {
      "resolved": "packages/spaces/rec2020",
      "link": true
    },
    "node_modules/@pyxe/space-rec2100": {
      "resolved": "packages/spaces/rec2100",
      "link": true
    },
    "node_modules/@pyxe/space-rec709": {
      "resolved": "packages/spaces/rec709",
      "link": true
    },
    "node_modules/@pyxe/space-rgb": {
      "resolved": "packages/spaces/rgb",
      "link": true
    },
    "node_modules/@pyxe/space-xyy": {
      "resolved": "packages/spaces/xyy",
      "link": true
    },
    "node_modules/@pyxe/space-xyz": {
      "resolved": "packages/spaces/xyz",
      "link": true
    },
    "node_modules/@pyxe/space-ycbcr": {
      "resolved": "packages/spaces/ycbcr",
      "link": true
    },
    "node_modules/@pyxe/space-ydbdr": {
      "resolved": "packages/spaces/ydbdr",
      "link": true
    },
    "node_modules/@pyxe/space-yiq": {
      "resolved": "packages/spaces/yiq",
      "link": true
    },
    "node_modules/@pyxe/space-yjk": {
      "resolved": "packages/spaces/yjk",
      "link": true
    },
    "node_modules/@pyxe/space-ypbpr": {
      "resolved": "packages/spaces/ypbpr",
      "link": true
    },
    "node_modules/@pyxe/space-yuv": {
      "resolved": "packages/spaces/yuv",
      "link": true
    },
    "node_modules/@pyxe/types": {
      "resolved": "packages/types",
      "link": true
    },
    "node_modules/@pyxe/utils": {
      "resolved": "packages/utils",
      "link": true
    },
    "node_modules/@types/node": {
      "version": "25.5.0",
      "resolved": "https://registry.npmjs.org/@types/node/-/node-25.5.0.tgz",
      "integrity": "sha512-jp2P3tQMSxWugkCUKLRPVUpGaL5MVFwF8RDuSRztfwgN1wmqJeMSbKlnEtQqU8UrhTmzEmZdu2I6v2dpp7XIxw==",
      "dev": true,
      "license": "MIT",
      "dependencies": {
        "undici-types": "~7.18.0"
      }
    },
    "node_modules/cross-env": {
      "version": "10.1.0",
      "resolved": "https://registry.npmjs.org/cross-env/-/cross-env-10.1.0.tgz",
      "integrity": "sha512-GsYosgnACZTADcmEyJctkJIoqAhHjttw7RsFrVoJNXbsWWqaq6Ym+7kZjq6mS45O0jij6vtiReppKQEtqWy6Dw==",
      "dev": true,
      "license": "MIT",
      "dependencies": {
        "@epic-web/invariant": "^1.0.0",
        "cross-spawn": "^7.0.6"
      },
      "bin": {
        "cross-env": "dist/bin/cross-env.js",
        "cross-env-shell": "dist/bin/cross-env-shell.js"
      },
      "engines": {
        "node": ">=20"
      }
    },
    "node_modules/cross-spawn": {
      "version": "7.0.6",
      "resolved": "https://registry.npmjs.org/cross-spawn/-/cross-spawn-7.0.6.tgz",
      "integrity": "sha512-uV2QOWP2nWzsy2aMp8aRibhi9dlzF5Hgh5SHaB9OiTGEyDTiJJyx0uy51QXdyWbtAHNua4XJzUKca3OzKUd3vA==",
      "dev": true,
      "license": "MIT",
      "dependencies": {
        "path-key": "^3.1.0",
        "shebang-command": "^2.0.0",
        "which": "^2.0.1"
      },
      "engines": {
        "node": ">= 8"
      }
    },
    "node_modules/isexe": {
      "version": "2.0.0",
      "resolved": "https://registry.npmjs.org/isexe/-/isexe-2.0.0.tgz",
      "integrity": "sha512-RHxMLp9lnKHGHRng9QFhRCMbYAcVpn69smSGcq3f36xjgVVWThj4qqLbTLlq7Ssj8B+fIQ1EuCEGI2lKsyQeIw==",
      "dev": true,
      "license": "ISC"
    },
    "node_modules/path-key": {
      "version": "3.1.1",
      "resolved": "https://registry.npmjs.org/path-key/-/path-key-3.1.1.tgz",
      "integrity": "sha512-ojmeN0qd+y0jszEtoY48r0Peq5dwMEkIlCOu6Q5f41lfkswXuKtYrhgoTpLnyIcHm24Uhqx+5Tqm2InSwLhE6Q==",
      "dev": true,
      "license": "MIT",
      "engines": {
        "node": ">=8"
      }
    },
    "node_modules/pyxe": {
      "resolved": "packages/pyxe",
      "link": true
    },
    "node_modules/shebang-command": {
      "version": "2.0.0",
      "resolved": "https://registry.npmjs.org/shebang-command/-/shebang-command-2.0.0.tgz",
      "integrity": "sha512-kHxr2zZpYtdmrN1qDjrrX/Z1rR1kG8Dx+gkpK1G4eXmvXswmcE1hTWBWYUzlraYw1/yZp6YuDY77YtvbN0dmDA==",
      "dev": true,
      "license": "MIT",
      "dependencies": {
        "shebang-regex": "^3.0.0"
      },
      "engines": {
        "node": ">=8"
      }
    },
    "node_modules/shebang-regex": {
      "version": "3.0.0",
      "resolved": "https://registry.npmjs.org/shebang-regex/-/shebang-regex-3.0.0.tgz",
      "integrity": "sha512-7++dFhtcx3353uBaq8DDR4NuxBetBzC7ZQOhmTQInHEd6bSrXdiEyzCvG07Z44UYdLShWUyXt5M/yhz8ekcb1A==",
      "dev": true,
      "license": "MIT",
      "engines": {
        "node": ">=8"
      }
    },
    "node_modules/typescript": {
      "version": "6.0.2",
      "resolved": "https://registry.npmjs.org/typescript/-/typescript-6.0.2.tgz",
      "integrity": "sha512-bGdAIrZ0wiGDo5l8c++HWtbaNCWTS4UTv7RaTH/ThVIgjkveJt83m74bBHMJkuCbslY8ixgLBVZJIOiQlQTjfQ==",
      "dev": true,
      "license": "Apache-2.0",
      "bin": {
        "tsc": "bin/tsc",
        "tsserver": "bin/tsserver"
      },
      "engines": {
        "node": ">=14.17"
      }
    },
    "node_modules/undici-types": {
      "version": "7.18.2",
      "resolved": "https://registry.npmjs.org/undici-types/-/undici-types-7.18.2.tgz",
      "integrity": "sha512-AsuCzffGHJybSaRrmr5eHr81mwJU3kjw6M+uprWvCXiNeN9SOGwQ3Jn8jb8m3Z6izVgknn1R0FTCEAP2QrLY/w==",
      "dev": true,
      "license": "MIT"
    },
    "node_modules/which": {
      "version": "2.0.2",
      "resolved": "https://registry.npmjs.org/which/-/which-2.0.2.tgz",
      "integrity": "sha512-BLI3Tl1TW3Pvl70l3yq3Y64i+awpwXqsGBYWkkqMtnbXgrMD+yj7rhW0kuEDxzJaYXGjEW5ogapKNMEKNMjibA==",
      "dev": true,
      "license": "ISC",
      "dependencies": {
        "isexe": "^2.0.0"
      },
      "bin": {
        "node-which": "bin/node-which"
      },
      "engines": {
        "node": ">= 8"
      }
    },
    "packages/core": {
      "name": "@pyxe/core",
      "version": "0.1.0",
      "license": "MIT",
      "dependencies": {
        "@pyxe/types": "^0.1.0",
        "@pyxe/utils": "^0.1.0"
      }
    },
    "packages/libraries/ral": {
      "name": "@pyxe/library-ral",
      "version": "0.1.0",
      "license": "MIT",
      "dependencies": {
        "@pyxe/core": "^0.1.0",
        "@pyxe/types": "^0.1.0"
      }
    },
    "packages/pyxe": {
      "version": "0.1.0",
      "license": "MIT",
      "dependencies": {
        "@pyxe/core": "^0.1.0",
        "@pyxe/types": "^0.1.0",
        "@pyxe/utils": "^0.1.0"
      }
    },
    "packages/spaces/cmy": {
      "name": "@pyxe/space-cmy",
      "version": "0.1.0",
      "license": "MIT",
      "dependencies": {
        "@pyxe/core": "^0.1.0",
        "@pyxe/types": "^0.1.0",
        "@pyxe/utils": "^0.1.0"
      }
    },
    "packages/spaces/cmyk": {
      "name": "@pyxe/space-cmyk",
      "version": "0.1.0",
      "license": "MIT",
      "dependencies": {
        "@pyxe/core": "^0.1.0",
        "@pyxe/types": "^0.1.0",
        "@pyxe/utils": "^0.1.0"
      }
    },
    "packages/spaces/hcg": {
      "name": "@pyxe/space-hcg",
      "version": "0.1.0",
      "license": "MIT",
      "dependencies": {
        "@pyxe/core": "^0.1.0",
        "@pyxe/types": "^0.1.0",
        "@pyxe/utils": "^0.1.0"
      }
    },
    "packages/spaces/hsi": {
      "name": "@pyxe/space-hsi",
      "version": "0.1.0",
      "license": "MIT",
      "dependencies": {
        "@pyxe/core": "^0.1.0",
        "@pyxe/types": "^0.1.0",
        "@pyxe/utils": "^0.1.0"
      }
    },
    "packages/spaces/hsl": {
      "name": "@pyxe/space-hsl",
      "version": "0.1.0",
      "license": "MIT",
      "dependencies": {
        "@pyxe/core": "^0.1.0",
        "@pyxe/types": "^0.1.0",
        "@pyxe/utils": "^0.1.0"
      }
    },
    "packages/spaces/hsv": {
      "name": "@pyxe/space-hsv",
      "version": "0.1.0",
      "license": "MIT",
      "dependencies": {
        "@pyxe/core": "^0.1.0",
        "@pyxe/types": "^0.1.0",
        "@pyxe/utils": "^0.1.0"
      }
    },
    "packages/spaces/hwb": {
      "name": "@pyxe/space-hwb",
      "version": "0.1.0",
      "license": "MIT",
      "dependencies": {
        "@pyxe/core": "^0.1.0",
        "@pyxe/types": "^0.1.0",
        "@pyxe/utils": "^0.1.0"
      }
    },
    "packages/spaces/lab": {
      "name": "@pyxe/space-lab",
      "version": "0.1.0",
      "license": "MIT",
      "dependencies": {
        "@pyxe/core": "^0.1.0",
        "@pyxe/types": "^0.1.0",
        "@pyxe/utils": "^0.1.0"
      }
    },
    "packages/spaces/lms": {
      "name": "@pyxe/space-lms",
      "version": "0.1.0",
      "extraneous": true,
      "license": "MIT",
      "dependencies": {
        "@pyxe/core": "^0.1.0",
        "@pyxe/types": "^0.1.0",
        "@pyxe/utils": "^0.1.0"
      }
    },
    "packages/spaces/lrgb": {
      "name": "@pyxe/space-lrgb",
      "version": "0.1.0",
      "license": "MIT",
      "dependencies": {
        "@pyxe/core": "^0.1.0",
        "@pyxe/types": "^0.1.0",
        "@pyxe/utils": "^0.1.0"
      }
    },
    "packages/spaces/rec2020": {
      "name": "@pyxe/space-rec2020",
      "version": "0.1.0",
      "license": "MIT",
      "dependencies": {
        "@pyxe/core": "^0.1.0",
        "@pyxe/types": "^0.1.0",
        "@pyxe/utils": "^0.1.0"
      }
    },
    "packages/spaces/rec2100": {
      "name": "@pyxe/space-rec2100",
      "version": "0.1.0",
      "license": "MIT",
      "dependencies": {
        "@pyxe/core": "^0.1.0",
        "@pyxe/types": "^0.1.0",
        "@pyxe/utils": "^0.1.0"
      }
    },
    "packages/spaces/rec709": {
      "name": "@pyxe/space-rec709",
      "version": "0.1.0",
      "license": "MIT",
      "dependencies": {
        "@pyxe/core": "^0.1.0",
        "@pyxe/types": "^0.1.0",
        "@pyxe/utils": "^0.1.0"
      }
    },
    "packages/spaces/rgb": {
      "name": "@pyxe/space-rgb",
      "version": "0.1.0",
      "license": "MIT",
      "dependencies": {
        "@pyxe/core": "^0.1.0",
        "@pyxe/types": "^0.1.0",
        "@pyxe/utils": "^0.1.0"
      }
    },
    "packages/spaces/xyy": {
      "name": "@pyxe/space-xyy",
      "version": "0.1.0",
      "license": "MIT",
      "dependencies": {
        "@pyxe/core": "^0.1.0",
        "@pyxe/types": "^0.1.0",
        "@pyxe/utils": "^0.1.0"
      }
    },
    "packages/spaces/xyz": {
      "name": "@pyxe/space-xyz",
      "version": "0.1.0",
      "license": "MIT",
      "dependencies": {
        "@pyxe/core": "^0.1.0",
        "@pyxe/types": "^0.1.0",
        "@pyxe/utils": "^0.1.0"
      }
    },
    "packages/spaces/ycbcr": {
      "name": "@pyxe/space-ycbcr",
      "version": "0.1.0",
      "license": "MIT",
      "dependencies": {
        "@pyxe/core": "^0.1.0",
        "@pyxe/types": "^0.1.0",
        "@pyxe/utils": "^0.1.0"
      }
    },
    "packages/spaces/ydbdr": {
      "name": "@pyxe/space-ydbdr",
      "version": "0.1.0",
      "license": "MIT",
      "dependencies": {
        "@pyxe/core": "^0.1.0",
        "@pyxe/types": "^0.1.0",
        "@pyxe/utils": "^0.1.0"
      }
    },
    "packages/spaces/yiq": {
      "name": "@pyxe/space-yiq",
      "version": "0.1.0",
      "license": "MIT",
      "dependencies": {
        "@pyxe/core": "^0.1.0",
        "@pyxe/types": "^0.1.0",
        "@pyxe/utils": "^0.1.0"
      }
    },
    "packages/spaces/yjk": {
      "name": "@pyxe/space-yjk",
      "version": "0.1.0",
      "license": "MIT",
      "dependencies": {
        "@pyxe/core": "^0.1.0",
        "@pyxe/types": "^0.1.0",
        "@pyxe/utils": "^0.1.0"
      }
    },
    "packages/spaces/ypbpr": {
      "name": "@pyxe/space-ypbpr",
      "version": "0.1.0",
      "license": "MIT",
      "dependencies": {
        "@pyxe/core": "^0.1.0",
        "@pyxe/types": "^0.1.0",
        "@pyxe/utils": "^0.1.0"
      }
    },
    "packages/spaces/yuv": {
      "name": "@pyxe/space-yuv",
      "version": "0.1.0",
      "license": "MIT",
      "dependencies": {
        "@pyxe/core": "^0.1.0",
        "@pyxe/types": "^0.1.0",
        "@pyxe/utils": "^0.1.0"
      }
    },
    "packages/types": {
      "name": "@pyxe/types",
      "version": "0.1.0",
      "license": "MIT"
    },
    "packages/utils": {
      "name": "@pyxe/utils",
      "version": "0.1.0",
      "license": "MIT",
      "dependencies": {
        "@pyxe/types": "^0.1.0"
      }
    }
  }
}
